// !$*UTF8*$!
{
	archiveVersion = 1;
	classes = {
	};
	objectVersion = 50;
	objects = {

/* Begin PBXBuildFile section */
		697F798320F6A31E004E24CC /* AppDelegate.swift in Sources */ = {isa = PBXBuildFile; fileRef = 697F798220F6A31E004E24CC /* AppDelegate.swift */; };
		697F798520F6A31E004E24CC /* ViewController.swift in Sources */ = {isa = PBXBuildFile; fileRef = 697F798420F6A31E004E24CC /* ViewController.swift */; };
		697F798820F6A31E004E24CC /* Main.storyboard in Resources */ = {isa = PBXBuildFile; fileRef = 697F798620F6A31E004E24CC /* Main.storyboard */; };
		697F798A20F6A321004E24CC /* Assets.xcassets in Resources */ = {isa = PBXBuildFile; fileRef = 697F798920F6A321004E24CC /* Assets.xcassets */; };
		697F798D20F6A321004E24CC /* LaunchScreen.storyboard in Resources */ = {isa = PBXBuildFile; fileRef = 697F798B20F6A321004E24CC /* LaunchScreen.storyboard */; };
		697F799820F6A321004E24CC /* meganerecTests.swift in Sources */ = {isa = PBXBuildFile; fileRef = 697F799720F6A321004E24CC /* meganerecTests.swift */; };
		697F79A320F6A321004E24CC /* meganerecUITests.swift in Sources */ = {isa = PBXBuildFile; fileRef = 697F79A220F6A321004E24CC /* meganerecUITests.swift */; };
/* End PBXBuildFile section */

/* Begin PBXContainerItemProxy section */
		697F799420F6A321004E24CC /* PBXContainerItemProxy */ = {
			isa = PBXContainerItemProxy;
			containerPortal = 697F797720F6A31E004E24CC /* Project object */;
			proxyType = 1;
			remoteGlobalIDString = 697F797E20F6A31E004E24CC;
			remoteInfo = meganerec;
		};
		697F799F20F6A321004E24CC /* PBXContainerItemProxy */ = {
			isa = PBXContainerItemProxy;
			containerPortal = 697F797720F6A31E004E24CC /* Project object */;
			proxyType = 1;
			remoteGlobalIDString = 697F797E20F6A31E004E24CC;
			remoteInfo = meganerec;
		};
/* End PBXContainerItemProxy section */

/* Begin PBXFileReference section */
		697F797F20F6A31E004E24CC /* meganerec.app */ = {isa = PBXFileReference; explicitFileType = wrapper.application; includeInIndex = 0; path = meganerec.app; sourceTree = BUILT_PRODUCTS_DIR; };
		697F798220F6A31E004E24CC /* AppDelegate.swift */ = {isa = PBXFileReference; lastKnownFileType = sourcecode.swift; path = AppDelegate.swift; sourceTree = "<group>"; };
		697F798420F6A31E004E24CC /* ViewController.swift */ = {isa = PBXFileReference; lastKnownFileType = sourcecode.swift; path = ViewController.swift; sourceTree = "<group>"; };
		697F798720F6A31E004E24CC /* Base */ = {isa = PBXFileReference; lastKnownFileType = file.storyboard; name = Base; path = Base.lproj/Main.storyboard; sourceTree = "<group>"; };
		697F798920F6A321004E24CC /* Assets.xcassets */ = {isa = PBXFileReference; lastKnownFileType = folder.assetcatalog; path = Assets.xcassets; sourceTree = "<group>"; };
		697F798C20F6A321004E24CC /* Base */ = {isa = PBXFileReference; lastKnownFileType = file.storyboard; name = Base; path = Base.lproj/LaunchScreen.storyboard; sourceTree = "<group>"; };
		697F798E20F6A321004E24CC /* Info.plist */ = {isa = PBXFileReference; lastKnownFileType = text.plist.xml; path = Info.plist; sourceTree = "<group>"; };
		697F799320F6A321004E24CC /* meganerecTests.xctest */ = {isa = PBXFileReference; explicitFileType = wrapper.cfbundle; includeInIndex = 0; path = meganerecTests.xctest; sourceTree = BUILT_PRODUCTS_DIR; };
		697F799720F6A321004E24CC /* meganerecTests.swift */ = {isa = PBXFileReference; lastKnownFileType = sourcecode.swift; path = meganerecTests.swift; sourceTree = "<group>"; };
		697F799920F6A321004E24CC /* Info.plist */ = {isa = PBXFileReference; lastKnownFileType = text.plist.xml; path = Info.plist; sourceTree = "<group>"; };
		697F799E20F6A321004E24CC /* meganerecUITests.xctest */ = {isa = PBXFileReference; explicitFileType = wrapper.cfbundle; includeInIndex = 0; path = meganerecUITests.xctest; sourceTree = BUILT_PRODUCTS_DIR; };
		697F79A220F6A321004E24CC /* meganerecUITests.swift */ = {isa = PBXFileReference; lastKnownFileType = sourcecode.swift; path = meganerecUITests.swift; sourceTree = "<group>"; };
		697F79A420F6A321004E24CC /* Info.plist */ = {isa = PBXFileReference; lastKnownFileType = text.plist.xml; path = Info.plist; sourceTree = "<group>"; };
/* End PBXFileReference section */

/* Begin PBXFrameworksBuildPhase section */
		697F797C20F6A31E004E24CC /* Frameworks */ = {
			isa = PBXFrameworksBuildPhase;
			buildActionMask = 2147483647;
			files = (
			);
			runOnlyForDeploymentPostprocessing = 0;
		};
		697F799020F6A321004E24CC /* Frameworks */ = {
			isa = PBXFrameworksBuildPhase;
			buildActionMask = 2147483647;
			files = (
			);
			runOnlyForDeploymentPostprocessing = 0;
		};
		697F799B20F6A321004E24CC /* Frameworks */ = {
			isa = PBXFrameworksBuildPhase;
			buildActionMask = 2147483647;
			files = (
			);
			runOnlyForDeploymentPostprocessing = 0;
		};
/* End PBXFrameworksBuildPhase section */

/* Begin PBXGroup section */
		697F797620F6A31E004E24CC = {
			isa = PBXGroup;
			children = (
				697F798120F6A31E004E24CC /* meganerec */,
				697F799620F6A321004E24CC /* meganerecTests */,
				697F79A120F6A321004E24CC /* meganerecUITests */,
				697F798020F6A31E004E24CC /* Products */,
			);
			sourceTree = "<group>";
		};
		697F798020F6A31E004E24CC /* Products */ = {
			isa = PBXGroup;
			children = (
				697F797F20F6A31E004E24CC /* meganerec.app */,
				697F799320F6A321004E24CC /* meganerecTests.xctest */,
				697F799E20F6A321004E24CC /* meganerecUITests.xctest */,
			);
			name = Products;
			sourceTree = "<group>";
		};
		697F798120F6A31E004E24CC /* meganerec */ = {
			isa = PBXGroup;
			children = (
				697F798220F6A31E004E24CC /* AppDelegate.swift */,
				697F798420F6A31E004E24CC /* ViewController.swift */,
				697F798620F6A31E004E24CC /* Main.storyboard */,
				697F798920F6A321004E24CC /* Assets.xcassets */,
				697F798B20F6A321004E24CC /* LaunchScreen.storyboard */,
				697F798E20F6A321004E24CC /* Info.plist */,
			);
			path = meganerec;
			sourceTree = "<group>";
		};
		697F799620F6A321004E24CC /* meganerecTests */ = {
			isa = PBXGroup;
			children = (
				697F799720F6A321004E24CC /* meganerecTests.swift */,
				697F799920F6A321004E24CC /* Info.plist */,
			);
			path = meganerecTests;
			sourceTree = "<group>";
		};
		697F79A120F6A321004E24CC /* meganerecUITests */ = {
			isa = PBXGroup;
			children = (
				697F79A220F6A321004E24CC /* meganerecUITests.swift */,
				697F79A420F6A321004E24CC /* Info.plist */,
			);
			path = meganerecUITests;
			sourceTree = "<group>";
		};
/* End PBXGroup section */

/* Begin PBXNativeTarget section */
		697F797E20F6A31E004E24CC /* meganerec */ = {
			isa = PBXNativeTarget;
			buildConfigurationList = 697F79A720F6A321004E24CC /* Build configuration list for PBXNativeTarget "meganerec" */;
			buildPhases = (
				697F797B20F6A31E004E24CC /* Sources */,
				697F797C20F6A31E004E24CC /* Frameworks */,
				697F797D20F6A31E004E24CC /* Resources */,
			);
			buildRules = (
			);
			dependencies = (
			);
			name = meganerec;
			productName = meganerec;
			productReference = 697F797F20F6A31E004E24CC /* meganerec.app */;
			productType = "com.apple.product-type.application";
		};
		697F799220F6A321004E24CC /* meganerecTests */ = {
			isa = PBXNativeTarget;
			buildConfigurationList = 697F79AA20F6A321004E24CC /* Build configuration list for PBXNativeTarget "meganerecTests" */;
			buildPhases = (
				697F798F20F6A321004E24CC /* Sources */,
				697F799020F6A321004E24CC /* Frameworks */,
				697F799120F6A321004E24CC /* Resources */,
			);
			buildRules = (
			);
			dependencies = (
				697F799520F6A321004E24CC /* PBXTargetDependency */,
			);
			name = meganerecTests;
			productName = meganerecTests;
			productReference = 697F799320F6A321004E24CC /* meganerecTests.xctest */;
			productType = "com.apple.product-type.bundle.unit-test";
		};
		697F799D20F6A321004E24CC /* meganerecUITests */ = {
			isa = PBXNativeTarget;
			buildConfigurationList = 697F79AD20F6A321004E24CC /* Build configuration list for PBXNativeTarget "meganerecUITests" */;
			buildPhases = (
				697F799A20F6A321004E24CC /* Sources */,
				697F799B20F6A321004E24CC /* Frameworks */,
				697F799C20F6A321004E24CC /* Resources */,
			);
			buildRules = (
			);
			dependencies = (
				697F79A020F6A321004E24CC /* PBXTargetDependency */,
			);
			name = meganerecUITests;
			productName = meganerecUITests;
			productReference = 697F799E20F6A321004E24CC /* meganerecUITests.xctest */;
			productType = "com.apple.product-type.bundle.ui-testing";
		};
/* End PBXNativeTarget section */

/* Begin PBXProject section */
		697F797720F6A31E004E24CC /* Project object */ = {
			isa = PBXProject;
			attributes = {
				LastSwiftUpdateCheck = 0940;
				LastUpgradeCheck = 0940;
				ORGANIZATIONNAME = taisukef;
				TargetAttributes = {
					697F797E20F6A31E004E24CC = {
						CreatedOnToolsVersion = 9.4.1;
					};
					697F799220F6A321004E24CC = {
						CreatedOnToolsVersion = 9.4.1;
						TestTargetID = 697F797E20F6A31E004E24CC;
					};
					697F799D20F6A321004E24CC = {
						CreatedOnToolsVersion = 9.4.1;
						TestTargetID = 697F797E20F6A31E004E24CC;
					};
				};
			};
			buildConfigurationList = 697F797A20F6A31E004E24CC /* Build configuration list for PBXProject "meganerec" */;
			compatibilityVersion = "Xcode 9.3";
			developmentRegion = en;
			hasScannedForEncodings = 0;
			knownRegions = (
				en,
				Base,
			);
			mainGroup = 697F797620F6A31E004E24CC;
			productRefGroup = 697F798020F6A31E004E24CC /* Products */;
			projectDirPath = "";
			projectRoot = "";
			targets = (
				697F797E20F6A31E004E24CC /* meganerec */,
				697F799220F6A321004E24CC /* meganerecTests */,
				697F799D20F6A321004E24CC /* meganerecUITests */,
			);
		};
/* End PBXProject section */

/* Begin PBXResourcesBuildPhase section */
		697F797D20F6A31E004E24CC /* Resources */ = {
			isa = PBXResourcesBuildPhase;
			buildActionMask = 2147483647;
			files = (
				697F798D20F6A321004E24CC /* LaunchScreen.storyboard in Resources */,
				697F798A20F6A321004E24CC /* Assets.xcassets in Resources */,
				697F798820F6A31E004E24CC /* Main.storyboard in Resources */,
			);
			runOnlyForDeploymentPostprocessing = 0;
		};
		697F799120F6A321004E24CC /* Resources */ = {
			isa = PBXResourcesBuildPhase;
			buildActionMask = 2147483647;
			files = (
			);
			runOnlyForDeploymentPostprocessing = 0;
		};
		697F799C20F6A321004E24CC /* Resources */ = {
			isa = PBXResourcesBuildPhase;
			buildActionMask = 2147483647;
			files = (
			);
			runOnlyForDeploymentPostprocessing = 0;
		};
/* End PBXResourcesBuildPhase section */

/* Begin PBXSourcesBuildPhase section */
		697F797B20F6A31E004E24CC /* Sources */ = {
			isa = PBXSourcesBuildPhase;
			buildActionMask = 2147483647;
			files = (
				697F798520F6A31E004E24CC /* ViewController.swift in Sources */,
				697F798320F6A31E004E24CC /* AppDelegate.swift in Sources */,
			);
			runOnlyForDeploymentPostprocessing = 0;
		};
		697F798F20F6A321004E24CC /* Sources */ = {
			isa = PBXSourcesBuildPhase;
			buildActionMask = 2147483647;
			files = (
				697F799820F6A321004E24CC /* meganerecTests.swift in Sources */,
			);
			runOnlyForDeploymentPostprocessing = 0;
		};
		697F799A20F6A321004E24CC /* Sources */ = {
			isa = PBXSourcesBuildPhase;
			buildActionMask = 2147483647;
			files = (
				697F79A320F6A321004E24CC /* meganerecUITests.swift in Sources */,
			);
			runOnlyForDeploymentPostprocessing = 0;
		};
/* End PBXSourcesBuildPhase section */

/* Begin PBXTargetDependency section */
		697F799520F6A321004E24CC /* PBXTargetDependency */ = {
			isa = PBXTargetDependency;
			target = 697F797E20F6A31E004E24CC /* meganerec */;
			targetProxy = 697F799420F6A321004E24CC /* PBXContainerItemProxy */;
		};
		697F79A020F6A321004E24CC /* PBXTargetDependency */ = {
			isa = PBXTargetDependency;
			target = 697F797E20F6A31E004E24CC /* meganerec */;
			targetProxy = 697F799F20F6A321004E24CC /* PBXContainerItemProxy */;
		};
/* End PBXTargetDependency section */

/* Begin PBXVariantGroup section */
		697F798620F6A31E004E24CC /* Main.storyboard */ = {
			isa = PBXVariantGroup;
			children = (
				697F798720F6A31E004E24CC /* Base */,
			);
			name = Main.storyboard;
			sourceTree = "<group>";
		};
		697F798B20F6A321004E24CC /* LaunchScreen.storyboard */ = {
			isa = PBXVariantGroup;
			children = (
				697F798C20F6A321004E24CC /* Base */,
			);
			name = LaunchScreen.storyboard;
			sourceTree = "<group>";
		};
/* End PBXVariantGroup section */

/* Begin XCBuildConfiguration section */
		697F79A520F6A321004E24CC /* Debug */ = {
			isa = XCBuildConfiguration;
			buildSettings = {
				ALWAYS_SEARCH_USER_PATHS = NO;
				CLANG_ANALYZER_NONNULL = YES;
				CLANG_ANALYZER_NUMBER_OBJECT_CONVERSION = YES_AGGRESSIVE;
				CLANG_CXX_LANGUAGE_STANDARD = "gnu++14";
				CLANG_CXX_LIBRARY = "libc++";
				CLANG_ENABLE_MODULES = YES;
				CLANG_ENABLE_OBJC_ARC = YES;
				CLANG_ENABLE_OBJC_WEAK = YES;
				CLANG_WARN_BLOCK_CAPTURE_AUTORELEASING = YES;
				CLANG_WARN_BOOL_CONVERSION = YES;
				CLANG_WARN_COMMA = YES;
				CLANG_WARN_CONSTANT_CONVERSION = YES;
				CLANG_WARN_DEPRECATED_OBJC_IMPLEMENTATIONS = YES;
				CLANG_WARN_DIRECT_OBJC_ISA_USAGE = YES_ERROR;
				CLANG_WARN_DOCUMENTATION_COMMENTS = YES;
				CLANG_WARN_EMPTY_BODY = YES;
				CLANG_WARN_ENUM_CONVERSION = YES;
				CLANG_WARN_INFINITE_RECURSION = YES;
				CLANG_WARN_INT_CONVERSION = YES;
				CLANG_WARN_NON_LITERAL_NULL_CONVERSION = YES;
				CLANG_WARN_OBJC_IMPLICIT_RETAIN_SELF = YES;
				CLANG_WARN_OBJC_LITERAL_CONVERSION = YES;
				CLANG_WARN_OBJC_ROOT_CLASS = YES_ERROR;
				CLANG_WARN_RANGE_LOOP_ANALYSIS = YES;
				CLANG_WARN_STRICT_PROTOTYPES = YES;
				CLANG_WARN_SUSPICIOUS_MOVE = YES;
				CLANG_WARN_UNGUARDED_AVAILABILITY = YES_AGGRESSIVE;
				CLANG_WARN_UNREACHABLE_CODE = YES;
				CLANG_WARN__DUPLICATE_METHOD_MATCH = YES;
				CODE_SIGN_IDENTITY = "iPhone Developer";
				COPY_PHASE_STRIP = NO;
				DEBUG_INFORMATION_FORMAT = dwarf;
				ENABLE_STRICT_OBJC_MSGSEND = YES;
				ENABLE_TESTABILITY = YES;
				GCC_C_LANGUAGE_STANDARD = gnu11;
				GCC_DYNAMIC_NO_PIC = NO;
				GCC_NO_COMMON_BLOCKS = YES;
				GCC_OPTIMIZATION_LEVEL = 0;
				GCC_PREPROCESSOR_DEFINITIONS = (
					"DEBUG=1",
					"$(inherited)",
				);
				GCC_WARN_64_TO_32_BIT_CONVERSION = YES;
				GCC_WARN_ABOUT_RETURN_TYPE = YES_ERROR;
				GCC_WARN_UNDECLARED_SELECTOR = YES;
				GCC_WARN_UNINITIALIZED_AUTOS = YES_AGGRESSIVE;
				GCC_WARN_UNUSED_FUNCTION = YES;
				GCC_WARN_UNUSED_VARIABLE = YES;
				IPHONEOS_DEPLOYMENT_TARGET = 11.4;
				MTL_ENABLE_DEBUG_INFO = YES;
				ONLY_ACTIVE_ARCH = YES;
				SDKROOT = iphoneos;
				SWIFT_ACTIVE_COMPILATION_CONDITIONS = DEBUG;
				SWIFT_OPTIMIZATION_LEVEL = "-Onone";
			};
			name = Debug;
		};
		697F79A620F6A321004E24CC /* Release */ = {
			isa = XCBuildConfiguration;
			buildSettings = {
				ALWAYS_SEARCH_USER_PATHS = NO;
				CLANG_ANALYZER_NONNULL = YES;
				CLANG_ANALYZER_NUMBER_OBJECT_CONVERSION = YES_AGGRESSIVE;
				CLANG_CXX_LANGUAGE_STANDARD = "gnu++14";
				CLANG_CXX_LIBRARY = "libc++";
				CLANG_ENABLE_MODULES = YES;
				CLANG_ENABLE_OBJC_ARC = YES;
				CLANG_ENABLE_OBJC_WEAK = YES;
				CLANG_WARN_BLOCK_CAPTURE_AUTORELEASING = YES;
				CLANG_WARN_BOOL_CONVERSION = YES;
				CLANG_WARN_COMMA = YES;
				CLANG_WARN_CONSTANT_CONVERSION = YES;
				CLANG_WARN_DEPRECATED_OBJC_IMPLEMENTATIONS = YES;
				CLANG_WARN_DIRECT_OBJC_ISA_USAGE = YES_ERROR;
				CLANG_WARN_DOCUMENTATION_COMMENTS = YES;
				CLANG_WARN_EMPTY_BODY = YES;
				CLANG_WARN_ENUM_CONVERSION = YES;
				CLANG_WARN_INFINITE_RECURSION = YES;
				CLANG_WARN_INT_CONVERSION = YES;
				CLANG_WARN_NON_LITERAL_NULL_CONVERSION = YES;
				CLANG_WARN_OBJC_IMPLICIT_RETAIN_SELF = YES;
				CLANG_WARN_OBJC_LITERAL_CONVERSION = YES;
				CLANG_WARN_OBJC_ROOT_CLASS = YES_ERROR;
				CLANG_WARN_RANGE_LOOP_ANALYSIS = YES;
				CLANG_WARN_STRICT_PROTOTYPES = YES;
				CLANG_WARN_SUSPICIOUS_MOVE = YES;
				CLANG_WARN_UNGUARDED_AVAILABILITY = YES_AGGRESSIVE;
				CLANG_WARN_UNREACHABLE_CODE = YES;
				CLANG_WARN__DUPLICATE_METHOD_MATCH = YES;
				CODE_SIGN_IDENTITY = "iPhone Developer";
				COPY_PHASE_STRIP = NO;
				DEBUG_INFORMATION_FORMAT = "dwarf-with-dsym";
				ENABLE_NS_ASSERTIONS = NO;
				ENABLE_STRICT_OBJC_MSGSEND = YES;
				GCC_C_LANGUAGE_STANDARD = gnu11;
				GCC_NO_COMMON_BLOCKS = YES;
				GCC_WARN_64_TO_32_BIT_CONVERSION = YES;
				GCC_WARN_ABOUT_RETURN_TYPE = YES_ERROR;
				GCC_WARN_UNDECLARED_SELECTOR = YES;
				GCC_WARN_UNINITIALIZED_AUTOS = YES_AGGRESSIVE;
				GCC_WARN_UNUSED_FUNCTION = YES;
				GCC_WARN_UNUSED_VARIABLE = YES;
				IPHONEOS_DEPLOYMENT_TARGET = 11.4;
				MTL_ENABLE_DEBUG_INFO = NO;
				SDKROOT = iphoneos;
				SWIFT_COMPILATION_MODE = wholemodule;
				SWIFT_OPTIMIZATION_LEVEL = "-O";
				VALIDATE_PRODUCT = YES;
			};
			name = Release;
		};
		697F79A820F6A321004E24CC /* Debug */ = {
			isa = XCBuildConfiguration;
			buildSettings = {
				ASSETCATALOG_COMPILER_APPICON_NAME = AppIcon;
				CODE_SIGN_STYLE = Automatic;
				DEVELOPMENT_TEAM = A2TF2C92PA;
				INFOPLIST_FILE = meganerec/Info.plist;
				LD_RUNPATH_SEARCH_PATHS = (
					"$(inherited)",
					"@executable_path/Frameworks",
				);
				PRODUCT_BUNDLE_IDENTIFIER = fukuno.jig.jp.meganerec;
				PRODUCT_NAME = "$(TARGET_NAME)";
				SWIFT_VERSION = 4.0;
				TARGETED_DEVICE_FAMILY = "1,2";
			};
			name = Debug;
		};
		697F79A920F6A321004E24CC /* Release */ = {
			isa = XCBuildConfiguration;
			buildSettings = {
				ASSETCATALOG_COMPILER_APPICON_NAME = AppIcon;
				CODE_SIGN_STYLE = Automatic;
				DEVELOPMENT_TEAM = A2TF2C92PA;
				INFOPLIST_FILE = meganerec/Info.plist;
				LD_RUNPATH_SEARCH_PATHS = (
					"$(inherited)",
					"@executable_path/Frameworks",
				);
				PRODUCT_BUNDLE_IDENTIFIER = fukuno.jig.jp.meganerec;
				PRODUCT_NAME = "$(TARGET_NAME)";
				SWIFT_VERSION = 4.0;
				TARGETED_DEVICE_FAMILY = "1,2";
			};
			name = Release;
		};
		697F79AB20F6A321004E24CC /* Debug */ = {
			isa = XCBuildConfiguration;
			buildSettings = {
				ALWAYS_EMBED_SWIFT_STANDARD_LIBRARIES = YES;
				BUNDLE_LOADER = "$(TEST_HOST)";
				CODE_SIGN_STYLE = Automatic;
				DEVELOPMENT_TEAM = A2TF2C92PA;
				INFOPLIST_FILE = meganerecTests/Info.plist;
				LD_RUNPATH_SEARCH_PATHS = (
					"$(inherited)",
					"@executable_path/Frameworks",
					"@loader_path/Frameworks",
				);
				PRODUCT_BUNDLE_IDENTIFIER = fukuno.jig.jp.meganerecTests;
				PRODUCT_NAME = "$(TARGET_NAME)";
				SWIFT_VERSION = 4.0;
				TARGETED_DEVICE_FAMILY = "1,2";
				TEST_HOST = "$(BUILT_PRODUCTS_DIR)/meganerec.app/meganerec";
			};
			name = Debug;
		};
		697F79AC20F6A321004E24CC /* Release */ = {
			isa = XCBuildConfiguration;
			buildSettings = {
				ALWAYS_EMBED_SWIFT_STANDARD_LIBRARIES = YES;
				BUNDLE_LOADER = "$(TEST_HOST)";
				CODE_SIGN_STYLE = Automatic;
				DEVELOPMENT_TEAM = A2TF2C92PA;
				INFOPLIST_FILE = meganerecTests/Info.plist;
				LD_RUNPATH_SEARCH_PATHS = (
					"$(inherited)",
					"@executable_path/Frameworks",
					"@loader_path/Frameworks",
				);
				PRODUCT_BUNDLE_IDENTIFIER = fukuno.jig.jp.meganerecTests;
				PRODUCT_NAME = "$(TARGET_NAME)";
				SWIFT_VERSION = 4.0;
				TARGETED_DEVICE_FAMILY = "1,2";
				TEST_HOST = "$(BUILT_PRODUCTS_DIR)/meganerec.app/meganerec";
			};
			name = Release;
		};
		697F79AE20F6A321004E24CC /* Debug */ = {
			isa = XCBuildConfiguration;
			buildSettings = {
				ALWAYS_EMBED_SWIFT_STANDARD_LIBRARIES = YES;
				CODE_SIGN_STYLE = Automatic;
				DEVELOPMENT_TEAM = A2TF2C92PA;
				INFOPLIST_FILE = meganerecUITests/Info.plist;
				LD_RUNPATH_SEARCH_PATHS = (
					"$(inherited)",
					"@executable_path/Frameworks",
					"@loader_path/Frameworks",
				);
				PRODUCT_BUNDLE_IDENTIFIER = fukuno.jig.jp.meganerecUITests;
				PRODUCT_NAME = "$(TARGET_NAME)";
				SWIFT_VERSION = 4.0;
				TARGETED_DEVICE_FAMILY = "1,2";
				TEST_TARGET_NAME = meganerec;
			};
			name = Debug;
		};
		697F79AF20F6A321004E24CC /* Release */ = {
			isa = XCBuildConfiguration;
			buildSettings = {
				ALWAYS_EMBED_SWIFT_STANDARD_LIBRARIES = YES;
				CODE_SIGN_STYLE = Automatic;
				DEVELOPMENT_TEAM = A2TF2C92PA;
				INFOPLIST_FILE = meganerecUITests/Info.plist;
				LD_RUNPATH_SEARCH_PATHS = (
					"$(inherited)",
					"@executable_path/Frameworks",
					"@loader_path/Frameworks",
				);
				PRODUCT_BUNDLE_IDENTIFIER = fukuno.jig.jp.meganerecUITests;
				PRODUCT_NAME = "$(TARGET_NAME)";
				SWIFT_VERSION = 4.0;
				TARGETED_DEVICE_FAMILY = "1,2";
				TEST_TARGET_NAME = meganerec;
			};
			name = Release;
		};
/* End XCBuildConfiguration section */

/* Begin XCConfigurationList section */
		697F797A20F6A31E004E24CC /* Build configuration list for PBXProject "meganerec" */ = {
			isa = XCConfigurationList;
			buildConfigurations = (
				697F79A520F6A321004E24CC /* Debug */,
				697F79A620F6A321004E24CC /* Release */,
			);
			defaultConfigurationIsVisible = 0;
			defaultConfigurationName = Release;
		};
		697F79A720F6A321004E24CC /* Build configuration list for PBXNativeTarget "meganerec" */ = {
			isa = XCConfigurationList;
			buildConfigurations = (
				697F79A820F6A321004E24CC /* Debug */,
				697F79A920F6A321004E24CC /* Release */,
			);
			defaultConfigurationIsVisible = 0;
			defaultConfigurationName = Release;
		};
		697F79AA20F6A321004E24CC /* Build configuration list for PBXNativeTarget "meganerecTests" */ = {
			isa = XCConfigurationList;
			buildConfigurations = (
				697F79AB20F6A321004E24CC /* Debug */,
				697F79AC20F6A321004E24CC /* Release */,
			);
			defaultConfigurationIsVisible = 0;
			defaultConfigurationName = Release;
		};
		697F79AD20F6A321004E24CC /* Build configuration list for PBXNativeTarget "meganerecUITests" */ = {
			isa = XCConfigurationList;
			buildConfigurations = (
				697F79AE20F6A321004E24CC /* Debug */,
				697F79AF20F6A321004E24CC /* Release */,
			);
			defaultConfigurationIsVisible = 0;
			defaultConfigurationName = Release;
		};
/* End XCConfigurationList section */
	};
	rootObject = 697F797720F6A31E004E24CC /* Project object */;
}
