// !$*UTF8*$!
{
	archiveVersion = 1;
	classes = {
	};
	objectVersion = 50;
	objects = {

/* Begin PBXBuildFile section */
		69483F6D20CB28E000F217AF /* AppDelegate.swift in Sources */ = {isa = PBXBuildFile; fileRef = 69483F6C20CB28E000F217AF /* AppDelegate.swift */; };
		69483F6F20CB28E000F217AF /* ViewController.swift in Sources */ = {isa = PBXBuildFile; fileRef = 69483F6E20CB28E000F217AF /* ViewController.swift */; };
		69483F7220CB28E000F217AF /* Main.storyboard in Resources */ = {isa = PBXBuildFile; fileRef = 69483F7020CB28E000F217AF /* Main.storyboard */; };
		69483F7420CB28E500F217AF /* Assets.xcassets in Resources */ = {isa = PBXBuildFile; fileRef = 69483F7320CB28E500F217AF /* Assets.xcassets */; };
		69483F7720CB28E500F217AF /* LaunchScreen.storyboard in Resources */ = {isa = PBXBuildFile; fileRef = 69483F7520CB28E500F217AF /* LaunchScreen.storyboard */; };
		69483F8220CB28E500F217AF /* comiceyeTests.swift in Sources */ = {isa = PBXBuildFile; fileRef = 69483F8120CB28E500F217AF /* comiceyeTests.swift */; };
		69483F8D20CB28E500F217AF /* comiceyeUITests.swift in Sources */ = {isa = PBXBuildFile; fileRef = 69483F8C20CB28E500F217AF /* comiceyeUITests.swift */; };
/* End PBXBuildFile section */

/* Begin PBXContainerItemProxy section */
		69483F7E20CB28E500F217AF /* PBXContainerItemProxy */ = {
			isa = PBXContainerItemProxy;
			containerPortal = 69483F6120CB28E000F217AF /* Project object */;
			proxyType = 1;
			remoteGlobalIDString = 69483F6820CB28E000F217AF;
			remoteInfo = comiceye;
		};
		69483F8920CB28E500F217AF /* PBXContainerItemProxy */ = {
			isa = PBXContainerItemProxy;
			containerPortal = 69483F6120CB28E000F217AF /* Project object */;
			proxyType = 1;
			remoteGlobalIDString = 69483F6820CB28E000F217AF;
			remoteInfo = comiceye;
		};
/* End PBXContainerItemProxy section */

/* Begin PBXFileReference section */
		69483F6920CB28E000F217AF /* comiceye.app */ = {isa = PBXFileReference; explicitFileType = wrapper.application; includeInIndex = 0; path = comiceye.app; sourceTree = BUILT_PRODUCTS_DIR; };
		69483F6C20CB28E000F217AF /* AppDelegate.swift */ = {isa = PBXFileReference; lastKnownFileType = sourcecode.swift; path = AppDelegate.swift; sourceTree = "<group>"; };
		69483F6E20CB28E000F217AF /* ViewController.swift */ = {isa = PBXFileReference; lastKnownFileType = sourcecode.swift; path = ViewController.swift; sourceTree = "<group>"; };
		69483F7120CB28E000F217AF /* Base */ = {isa = PBXFileReference; lastKnownFileType = file.storyboard; name = Base; path = Base.lproj/Main.storyboard; sourceTree = "<group>"; };
		69483F7320CB28E500F217AF /* Assets.xcassets */ = {isa = PBXFileReference; lastKnownFileType = folder.assetcatalog; path = Assets.xcassets; sourceTree = "<group>"; };
		69483F7620CB28E500F217AF /* Base */ = {isa = PBXFileReference; lastKnownFileType = file.storyboard; name = Base; path = Base.lproj/LaunchScreen.storyboard; sourceTree = "<group>"; };
		69483F7820CB28E500F217AF /* Info.plist */ = {isa = PBXFileReference; lastKnownFileType = text.plist.xml; path = Info.plist; sourceTree = "<group>"; };
		69483F7D20CB28E500F217AF /* comiceyeTests.xctest */ = {isa = PBXFileReference; explicitFileType = wrapper.cfbundle; includeInIndex = 0; path = comiceyeTests.xctest; sourceTree = BUILT_PRODUCTS_DIR; };
		69483F8120CB28E500F217AF /* comiceyeTests.swift */ = {isa = PBXFileReference; lastKnownFileType = sourcecode.swift; path = comiceyeTests.swift; sourceTree = "<group>"; };
		69483F8320CB28E500F217AF /* Info.plist */ = {isa = PBXFileReference; lastKnownFileType = text.plist.xml; path = Info.plist; sourceTree = "<group>"; };
		69483F8820CB28E500F217AF /* comiceyeUITests.xctest */ = {isa = PBXFileReference; explicitFileType = wrapper.cfbundle; includeInIndex = 0; path = comiceyeUITests.xctest; sourceTree = BUILT_PRODUCTS_DIR; };
		69483F8C20CB28E500F217AF /* comiceyeUITests.swift */ = {isa = PBXFileReference; lastKnownFileType = sourcecode.swift; path = comiceyeUITests.swift; sourceTree = "<group>"; };
		69483F8E20CB28E500F217AF /* Info.plist */ = {isa = PBXFileReference; lastKnownFileType = text.plist.xml; path = Info.plist; sourceTree = "<group>"; };
/* End PBXFileReference section */

/* Begin PBXFrameworksBuildPhase section */
		69483F6620CB28E000F217AF /* Frameworks */ = {
			isa = PBXFrameworksBuildPhase;
			buildActionMask = 2147483647;
			files = (
			);
			runOnlyForDeploymentPostprocessing = 0;
		};
		69483F7A20CB28E500F217AF /* Frameworks */ = {
			isa = PBXFrameworksBuildPhase;
			buildActionMask = 2147483647;
			files = (
			);
			runOnlyForDeploymentPostprocessing = 0;
		};
		69483F8520CB28E500F217AF /* Frameworks */ = {
			isa = PBXFrameworksBuildPhase;
			buildActionMask = 2147483647;
			files = (
			);
			runOnlyForDeploymentPostprocessing = 0;
		};
/* End PBXFrameworksBuildPhase section */

/* Begin PBXGroup section */
		69483F6020CB28E000F217AF = {
			isa = PBXGroup;
			children = (
				69483F6B20CB28E000F217AF /* comiceye */,
				69483F8020CB28E500F217AF /* comiceyeTests */,
				69483F8B20CB28E500F217AF /* comiceyeUITests */,
				69483F6A20CB28E000F217AF /* Products */,
			);
			sourceTree = "<group>";
		};
		69483F6A20CB28E000F217AF /* Products */ = {
			isa = PBXGroup;
			children = (
				69483F6920CB28E000F217AF /* comiceye.app */,
				69483F7D20CB28E500F217AF /* comiceyeTests.xctest */,
				69483F8820CB28E500F217AF /* comiceyeUITests.xctest */,
			);
			name = Products;
			sourceTree = "<group>";
		};
		69483F6B20CB28E000F217AF /* comiceye */ = {
			isa = PBXGroup;
			children = (
				69483F6C20CB28E000F217AF /* AppDelegate.swift */,
				69483F6E20CB28E000F217AF /* ViewController.swift */,
				69483F7020CB28E000F217AF /* Main.storyboard */,
				69483F7320CB28E500F217AF /* Assets.xcassets */,
				69483F7520CB28E500F217AF /* LaunchScreen.storyboard */,
				69483F7820CB28E500F217AF /* Info.plist */,
			);
			path = comiceye;
			sourceTree = "<group>";
		};
		69483F8020CB28E500F217AF /* comiceyeTests */ = {
			isa = PBXGroup;
			children = (
				69483F8120CB28E500F217AF /* comiceyeTests.swift */,
				69483F8320CB28E500F217AF /* Info.plist */,
			);
			path = comiceyeTests;
			sourceTree = "<group>";
		};
		69483F8B20CB28E500F217AF /* comiceyeUITests */ = {
			isa = PBXGroup;
			children = (
				69483F8C20CB28E500F217AF /* comiceyeUITests.swift */,
				69483F8E20CB28E500F217AF /* Info.plist */,
			);
			path = comiceyeUITests;
			sourceTree = "<group>";
		};
/* End PBXGroup section */

/* Begin PBXNativeTarget section */
		69483F6820CB28E000F217AF /* comiceye */ = {
			isa = PBXNativeTarget;
			buildConfigurationList = 69483F9120CB28E500F217AF /* Build configuration list for PBXNativeTarget "comiceye" */;
			buildPhases = (
				69483F6520CB28E000F217AF /* Sources */,
				69483F6620CB28E000F217AF /* Frameworks */,
				69483F6720CB28E000F217AF /* Resources */,
			);
			buildRules = (
			);
			dependencies = (
			);
			name = comiceye;
			productName = comiceye;
			productReference = 69483F6920CB28E000F217AF /* comiceye.app */;
			productType = "com.apple.product-type.application";
		};
		69483F7C20CB28E500F217AF /* comiceyeTests */ = {
			isa = PBXNativeTarget;
			buildConfigurationList = 69483F9420CB28E500F217AF /* Build configuration list for PBXNativeTarget "comiceyeTests" */;
			buildPhases = (
				69483F7920CB28E500F217AF /* Sources */,
				69483F7A20CB28E500F217AF /* Frameworks */,
				69483F7B20CB28E500F217AF /* Resources */,
			);
			buildRules = (
			);
			dependencies = (
				69483F7F20CB28E500F217AF /* PBXTargetDependency */,
			);
			name = comiceyeTests;
			productName = comiceyeTests;
			productReference = 69483F7D20CB28E500F217AF /* comiceyeTests.xctest */;
			productType = "com.apple.product-type.bundle.unit-test";
		};
		69483F8720CB28E500F217AF /* comiceyeUITests */ = {
			isa = PBXNativeTarget;
			buildConfigurationList = 69483F9720CB28E500F217AF /* Build configuration list for PBXNativeTarget "comiceyeUITests" */;
			buildPhases = (
				69483F8420CB28E500F217AF /* Sources */,
				69483F8520CB28E500F217AF /* Frameworks */,
				69483F8620CB28E500F217AF /* Resources */,
			);
			buildRules = (
			);
			dependencies = (
				69483F8A20CB28E500F217AF /* PBXTargetDependency */,
			);
			name = comiceyeUITests;
			productName = comiceyeUITests;
			productReference = 69483F8820CB28E500F217AF /* comiceyeUITests.xctest */;
			productType = "com.apple.product-type.bundle.ui-testing";
		};
/* End PBXNativeTarget section */

/* Begin PBXProject section */
		69483F6120CB28E000F217AF /* Project object */ = {
			isa = PBXProject;
			attributes = {
				LastSwiftUpdateCheck = 0940;
				LastUpgradeCheck = 0940;
				ORGANIZATIONNAME = taisukef;
				TargetAttributes = {
					69483F6820CB28E000F217AF = {
						CreatedOnToolsVersion = 9.4;
						LastSwiftMigration = 1000;
					};
					69483F7C20CB28E500F217AF = {
						CreatedOnToolsVersion = 9.4;
						LastSwiftMigration = 1000;
						TestTargetID = 69483F6820CB28E000F217AF;
					};
					69483F8720CB28E500F217AF = {
						CreatedOnToolsVersion = 9.4;
						LastSwiftMigration = 1000;
						TestTargetID = 69483F6820CB28E000F217AF;
					};
				};
			};
			buildConfigurationList = 69483F6420CB28E000F217AF /* Build configuration list for PBXProject "comiceye" */;
			compatibilityVersion = "Xcode 9.3";
			developmentRegion = en;
			hasScannedForEncodings = 0;
			knownRegions = (
				en,
				Base,
			);
			mainGroup = 69483F6020CB28E000F217AF;
			productRefGroup = 69483F6A20CB28E000F217AF /* Products */;
			projectDirPath = "";
			projectRoot = "";
			targets = (
				69483F6820CB28E000F217AF /* comiceye */,
				69483F7C20CB28E500F217AF /* comiceyeTests */,
				69483F8720CB28E500F217AF /* comiceyeUITests */,
			);
		};
/* End PBXProject section */

/* Begin PBXResourcesBuildPhase section */
		69483F6720CB28E000F217AF /* Resources */ = {
			isa = PBXResourcesBuildPhase;
			buildActionMask = 2147483647;
			files = (
				69483F7720CB28E500F217AF /* LaunchScreen.storyboard in Resources */,
				69483F7420CB28E500F217AF /* Assets.xcassets in Resources */,
				69483F7220CB28E000F217AF /* Main.storyboard in Resources */,
			);
			runOnlyForDeploymentPostprocessing = 0;
		};
		69483F7B20CB28E500F217AF /* Resources */ = {
			isa = PBXResourcesBuildPhase;
			buildActionMask = 2147483647;
			files = (
			);
			runOnlyForDeploymentPostprocessing = 0;
		};
		69483F8620CB28E500F217AF /* Resources */ = {
			isa = PBXResourcesBuildPhase;
			buildActionMask = 2147483647;
			files = (
			);
			runOnlyForDeploymentPostprocessing = 0;
		};
/* End PBXResourcesBuildPhase section */

/* Begin PBXSourcesBuildPhase section */
		69483F6520CB28E000F217AF /* Sources */ = {
			isa = PBXSourcesBuildPhase;
			buildActionMask = 2147483647;
			files = (
				69483F6F20CB28E000F217AF /* ViewController.swift in Sources */,
				69483F6D20CB28E000F217AF /* AppDelegate.swift in Sources */,
			);
			runOnlyForDeploymentPostprocessing = 0;
		};
		69483F7920CB28E500F217AF /* Sources */ = {
			isa = PBXSourcesBuildPhase;
			buildActionMask = 2147483647;
			files = (
				69483F8220CB28E500F217AF /* comiceyeTests.swift in Sources */,
			);
			runOnlyForDeploymentPostprocessing = 0;
		};
		69483F8420CB28E500F217AF /* Sources */ = {
			isa = PBXSourcesBuildPhase;
			buildActionMask = 2147483647;
			files = (
				69483F8D20CB28E500F217AF /* comiceyeUITests.swift in Sources */,
			);
			runOnlyForDeploymentPostprocessing = 0;
		};
/* End PBXSourcesBuildPhase section */

/* Begin PBXTargetDependency section */
		69483F7F20CB28E500F217AF /* PBXTargetDependency */ = {
			isa = PBXTargetDependency;
			target = 69483F6820CB28E000F217AF /* comiceye */;
			targetProxy = 69483F7E20CB28E500F217AF /* PBXContainerItemProxy */;
		};
		69483F8A20CB28E500F217AF /* PBXTargetDependency */ = {
			isa = PBXTargetDependency;
			target = 69483F6820CB28E000F217AF /* comiceye */;
			targetProxy = 69483F8920CB28E500F217AF /* PBXContainerItemProxy */;
		};
/* End PBXTargetDependency section */

/* Begin PBXVariantGroup section */
		69483F7020CB28E000F217AF /* Main.storyboard */ = {
			isa = PBXVariantGroup;
			children = (
				69483F7120CB28E000F217AF /* Base */,
			);
			name = Main.storyboard;
			sourceTree = "<group>";
		};
		69483F7520CB28E500F217AF /* LaunchScreen.storyboard */ = {
			isa = PBXVariantGroup;
			children = (
				69483F7620CB28E500F217AF /* Base */,
			);
			name = LaunchScreen.storyboard;
			sourceTree = "<group>";
		};
/* End PBXVariantGroup section */

/* Begin XCBuildConfiguration section */
		69483F8F20CB28E500F217AF /* Debug */ = {
			isa = XCBuildConfiguration;
			buildSettings = {
				ALWAYS_SEARCH_USER_PATHS = NO;
				CLANG_ANALYZER_NONNULL = YES;
				CLANG_ANALYZER_NUMBER_OBJECT_CONVERSION = YES_AGGRESSIVE;
				CLANG_CXX_LANGUAGE_STANDARD = "gnu++14";
				CLANG_CXX_LIBRARY = "libc++";
				CLANG_ENABLE_MODULES = YES;
				CLANG_ENABLE_OBJC_ARC = YES;
				CLANG_ENABLE_OBJC_WEAK = YES;
				CLANG_WARN_BLOCK_CAPTURE_AUTORELEASING = YES;
				CLANG_WARN_BOOL_CONVERSION = YES;
				CLANG_WARN_COMMA = YES;
				CLANG_WARN_CONSTANT_CONVERSION = YES;
				CLANG_WARN_DEPRECATED_OBJC_IMPLEMENTATIONS = YES;
				CLANG_WARN_DIRECT_OBJC_ISA_USAGE = YES_ERROR;
				CLANG_WARN_DOCUMENTATION_COMMENTS = YES;
				CLANG_WARN_EMPTY_BODY = YES;
				CLANG_WARN_ENUM_CONVERSION = YES;
				CLANG_WARN_INFINITE_RECURSION = YES;
				CLANG_WARN_INT_CONVERSION = YES;
				CLANG_WARN_NON_LITERAL_NULL_CONVERSION = YES;
				CLANG_WARN_OBJC_IMPLICIT_RETAIN_SELF = YES;
				CLANG_WARN_OBJC_LITERAL_CONVERSION = YES;
				CLANG_WARN_OBJC_ROOT_CLASS = YES_ERROR;
				CLANG_WARN_RANGE_LOOP_ANALYSIS = YES;
				CLANG_WARN_STRICT_PROTOTYPES = YES;
				CLANG_WARN_SUSPICIOUS_MOVE = YES;
				CLANG_WARN_UNGUARDED_AVAILABILITY = YES_AGGRESSIVE;
				CLANG_WARN_UNREACHABLE_CODE = YES;
				CLANG_WARN__DUPLICATE_METHOD_MATCH = YES;
				CODE_SIGN_IDENTITY = "iPhone Developer";
				COPY_PHASE_STRIP = NO;
				DEBUG_INFORMATION_FORMAT = dwarf;
				ENABLE_STRICT_OBJC_MSGSEND = YES;
				ENABLE_TESTABILITY = YES;
				GCC_C_LANGUAGE_STANDARD = gnu11;
				GCC_DYNAMIC_NO_PIC = NO;
				GCC_NO_COMMON_BLOCKS = YES;
				GCC_OPTIMIZATION_LEVEL = 0;
				GCC_PREPROCESSOR_DEFINITIONS = (
					"DEBUG=1",
					"$(inherited)",
				);
				GCC_WARN_64_TO_32_BIT_CONVERSION = YES;
				GCC_WARN_ABOUT_RETURN_TYPE = YES_ERROR;
				GCC_WARN_UNDECLARED_SELECTOR = YES;
				GCC_WARN_UNINITIALIZED_AUTOS = YES_AGGRESSIVE;
				GCC_WARN_UNUSED_FUNCTION = YES;
				GCC_WARN_UNUSED_VARIABLE = YES;
				IPHONEOS_DEPLOYMENT_TARGET = 11.4;
				MTL_ENABLE_DEBUG_INFO = YES;
				ONLY_ACTIVE_ARCH = YES;
				SDKROOT = iphoneos;
				SWIFT_ACTIVE_COMPILATION_CONDITIONS = DEBUG;
				SWIFT_OPTIMIZATION_LEVEL = "-Onone";
			};
			name = Debug;
		};
		69483F9020CB28E500F217AF /* Release */ = {
			isa = XCBuildConfiguration;
			buildSettings = {
				ALWAYS_SEARCH_USER_PATHS = NO;
				CLANG_ANALYZER_NONNULL = YES;
				CLANG_ANALYZER_NUMBER_OBJECT_CONVERSION = YES_AGGRESSIVE;
				CLANG_CXX_LANGUAGE_STANDARD = "gnu++14";
				CLANG_CXX_LIBRARY = "libc++";
				CLANG_ENABLE_MODULES = YES;
				CLANG_ENABLE_OBJC_ARC = YES;
				CLANG_ENABLE_OBJC_WEAK = YES;
				CLANG_WARN_BLOCK_CAPTURE_AUTORELEASING = YES;
				CLANG_WARN_BOOL_CONVERSION = YES;
				CLANG_WARN_COMMA = YES;
				CLANG_WARN_CONSTANT_CONVERSION = YES;
				CLANG_WARN_DEPRECATED_OBJC_IMPLEMENTATIONS = YES;
				CLANG_WARN_DIRECT_OBJC_ISA_USAGE = YES_ERROR;
				CLANG_WARN_DOCUMENTATION_COMMENTS = YES;
				CLANG_WARN_EMPTY_BODY = YES;
				CLANG_WARN_ENUM_CONVERSION = YES;
				CLANG_WARN_INFINITE_RECURSION = YES;
				CLANG_WARN_INT_CONVERSION = YES;
				CLANG_WARN_NON_LITERAL_NULL_CONVERSION = YES;
				CLANG_WARN_OBJC_IMPLICIT_RETAIN_SELF = YES;
				CLANG_WARN_OBJC_LITERAL_CONVERSION = YES;
				CLANG_WARN_OBJC_ROOT_CLASS = YES_ERROR;
				CLANG_WARN_RANGE_LOOP_ANALYSIS = YES;
				CLANG_WARN_STRICT_PROTOTYPES = YES;
				CLANG_WARN_SUSPICIOUS_MOVE = YES;
				CLANG_WARN_UNGUARDED_AVAILABILITY = YES_AGGRESSIVE;
				CLANG_WARN_UNREACHABLE_CODE = YES;
				CLANG_WARN__DUPLICATE_METHOD_MATCH = YES;
				CODE_SIGN_IDENTITY = "iPhone Developer";
				COPY_PHASE_STRIP = NO;
				DEBUG_INFORMATION_FORMAT = "dwarf-with-dsym";
				ENABLE_NS_ASSERTIONS = NO;
				ENABLE_STRICT_OBJC_MSGSEND = YES;
				GCC_C_LANGUAGE_STANDARD = gnu11;
				GCC_NO_COMMON_BLOCKS = YES;
				GCC_WARN_64_TO_32_BIT_CONVERSION = YES;
				GCC_WARN_ABOUT_RETURN_TYPE = YES_ERROR;
				GCC_WARN_UNDECLARED_SELECTOR = YES;
				GCC_WARN_UNINITIALIZED_AUTOS = YES_AGGRESSIVE;
				GCC_WARN_UNUSED_FUNCTION = YES;
				GCC_WARN_UNUSED_VARIABLE = YES;
				IPHONEOS_DEPLOYMENT_TARGET = 11.4;
				MTL_ENABLE_DEBUG_INFO = NO;
				SDKROOT = iphoneos;
				SWIFT_COMPILATION_MODE = wholemodule;
				SWIFT_OPTIMIZATION_LEVEL = "-O";
				VALIDATE_PRODUCT = YES;
			};
			name = Release;
		};
		69483F9220CB28E500F217AF /* Debug */ = {
			isa = XCBuildConfiguration;
			buildSettings = {
				ASSETCATALOG_COMPILER_APPICON_NAME = AppIcon;
				CODE_SIGN_STYLE = Automatic;
				DEVELOPMENT_TEAM = A2TF2C92PA;
				INFOPLIST_FILE = comiceye/Info.plist;
				IPHONEOS_DEPLOYMENT_TARGET = 12.2;
				LD_RUNPATH_SEARCH_PATHS = (
					"$(inherited)",
					"@executable_path/Frameworks",
				);
				PRODUCT_BUNDLE_IDENTIFIER = fukuno.jig.jp.comiceye;
				PRODUCT_NAME = "$(TARGET_NAME)";
				SWIFT_VERSION = 4.2;
				TARGETED_DEVICE_FAMILY = "1,2";
			};
			name = Debug;
		};
		69483F9320CB28E500F217AF /* Release */ = {
			isa = XCBuildConfiguration;
			buildSettings = {
				ASSETCATALOG_COMPILER_APPICON_NAME = AppIcon;
				CODE_SIGN_STYLE = Automatic;
				DEVELOPMENT_TEAM = A2TF2C92PA;
				INFOPLIST_FILE = comiceye/Info.plist;
				IPHONEOS_DEPLOYMENT_TARGET = 12.2;
				LD_RUNPATH_SEARCH_PATHS = (
					"$(inherited)",
					"@executable_path/Frameworks",
				);
				PRODUCT_BUNDLE_IDENTIFIER = fukuno.jig.jp.comiceye;
				PRODUCT_NAME = "$(TARGET_NAME)";
				SWIFT_VERSION = 4.2;
				TARGETED_DEVICE_FAMILY = "1,2";
			};
			name = Release;
		};
		69483F9520CB28E500F217AF /* Debug */ = {
			isa = XCBuildConfiguration;
			buildSettings = {
				ALWAYS_EMBED_SWIFT_STANDARD_LIBRARIES = YES;
				BUNDLE_LOADER = "$(TEST_HOST)";
				CODE_SIGN_STYLE = Automatic;
				DEVELOPMENT_TEAM = A2TF2C92PA;
				INFOPLIST_FILE = comiceyeTests/Info.plist;
				LD_RUNPATH_SEARCH_PATHS = (
					"$(inherited)",
					"@executable_path/Frameworks",
					"@loader_path/Frameworks",
				);
				PRODUCT_BUNDLE_IDENTIFIER = fukuno.jig.jp.comiceyeTests;
				PRODUCT_NAME = "$(TARGET_NAME)";
				SWIFT_VERSION = 4.2;
				TARGETED_DEVICE_FAMILY = "1,2";
				TEST_HOST = "$(BUILT_PRODUCTS_DIR)/comiceye.app/comiceye";
			};
			name = Debug;
		};
		69483F9620CB28E500F217AF /* Release */ = {
			isa = XCBuildConfiguration;
			buildSettings = {
				ALWAYS_EMBED_SWIFT_STANDARD_LIBRARIES = YES;
				BUNDLE_LOADER = "$(TEST_HOST)";
				CODE_SIGN_STYLE = Automatic;
				DEVELOPMENT_TEAM = A2TF2C92PA;
				INFOPLIST_FILE = comiceyeTests/Info.plist;
				LD_RUNPATH_SEARCH_PATHS = (
					"$(inherited)",
					"@executable_path/Frameworks",
					"@loader_path/Frameworks",
				);
				PRODUCT_BUNDLE_IDENTIFIER = fukuno.jig.jp.comiceyeTests;
				PRODUCT_NAME = "$(TARGET_NAME)";
				SWIFT_VERSION = 4.2;
				TARGETED_DEVICE_FAMILY = "1,2";
				TEST_HOST = "$(BUILT_PRODUCTS_DIR)/comiceye.app/comiceye";
			};
			name = Release;
		};
		69483F9820CB28E500F217AF /* Debug */ = {
			isa = XCBuildConfiguration;
			buildSettings = {
				ALWAYS_EMBED_SWIFT_STANDARD_LIBRARIES = YES;
				CODE_SIGN_STYLE = Automatic;
				DEVELOPMENT_TEAM = A2TF2C92PA;
				INFOPLIST_FILE = comiceyeUITests/Info.plist;
				LD_RUNPATH_SEARCH_PATHS = (
					"$(inherited)",
					"@executable_path/Frameworks",
					"@loader_path/Frameworks",
				);
				PRODUCT_BUNDLE_IDENTIFIER = fukuno.jig.jp.comiceyeUITests;
				PRODUCT_NAME = "$(TARGET_NAME)";
				SWIFT_VERSION = 4.2;
				TARGETED_DEVICE_FAMILY = "1,2";
				TEST_TARGET_NAME = comiceye;
			};
			name = Debug;
		};
		69483F9920CB28E500F217AF /* Release */ = {
			isa = XCBuildConfiguration;
			buildSettings = {
				ALWAYS_EMBED_SWIFT_STANDARD_LIBRARIES = YES;
				CODE_SIGN_STYLE = Automatic;
				DEVELOPMENT_TEAM = A2TF2C92PA;
				INFOPLIST_FILE = comiceyeUITests/Info.plist;
				LD_RUNPATH_SEARCH_PATHS = (
					"$(inherited)",
					"@executable_path/Frameworks",
					"@loader_path/Frameworks",
				);
				PRODUCT_BUNDLE_IDENTIFIER = fukuno.jig.jp.comiceyeUITests;
				PRODUCT_NAME = "$(TARGET_NAME)";
				SWIFT_VERSION = 4.2;
				TARGETED_DEVICE_FAMILY = "1,2";
				TEST_TARGET_NAME = comiceye;
			};
			name = Release;
		};
/* End XCBuildConfiguration section */

/* Begin XCConfigurationList section */
		69483F6420CB28E000F217AF /* Build configuration list for PBXProject "comiceye" */ = {
			isa = XCConfigurationList;
			buildConfigurations = (
				69483F8F20CB28E500F217AF /* Debug */,
				69483F9020CB28E500F217AF /* Release */,
			);
			defaultConfigurationIsVisible = 0;
			defaultConfigurationName = Release;
		};
		69483F9120CB28E500F217AF /* Build configuration list for PBXNativeTarget "comiceye" */ = {
			isa = XCConfigurationList;
			buildConfigurations = (
				69483F9220CB28E500F217AF /* Debug */,
				69483F9320CB28E500F217AF /* Release */,
			);
			defaultConfigurationIsVisible = 0;
			defaultConfigurationName = Release;
		};
		69483F9420CB28E500F217AF /* Build configuration list for PBXNativeTarget "comiceyeTests" */ = {
			isa = XCConfigurationList;
			buildConfigurations = (
				69483F9520CB28E500F217AF /* Debug */,
				69483F9620CB28E500F217AF /* Release */,
			);
			defaultConfigurationIsVisible = 0;
			defaultConfigurationName = Release;
		};
		69483F9720CB28E500F217AF /* Build configuration list for PBXNativeTarget "comiceyeUITests" */ = {
			isa = XCConfigurationList;
			buildConfigurations = (
				69483F9820CB28E500F217AF /* Debug */,
				69483F9920CB28E500F217AF /* Release */,
			);
			defaultConfigurationIsVisible = 0;
			defaultConfigurationName = Release;
		};
/* End XCConfigurationList section */
	};
	rootObject = 69483F6120CB28E000F217AF /* Project object */;
}
