// !$*UTF8*$!
{
	archiveVersion = 1;
	classes = {
	};
	objectVersion = 50;
	objects = {

/* Begin PBXBuildFile section */
		69BCC0D620FAA0CA0067F1ED /* AppDelegate.swift in Sources */ = {isa = PBXBuildFile; fileRef = 69BCC0D520FAA0CA0067F1ED /* AppDelegate.swift */; };
		69BCC0D820FAA0CA0067F1ED /* ViewController.swift in Sources */ = {isa = PBXBuildFile; fileRef = 69BCC0D720FAA0CA0067F1ED /* ViewController.swift */; };
		69BCC0DB20FAA0CA0067F1ED /* Main.storyboard in Resources */ = {isa = PBXBuildFile; fileRef = 69BCC0D920FAA0CA0067F1ED /* Main.storyboard */; };
		69BCC0DD20FAA0CC0067F1ED /* Assets.xcassets in Resources */ = {isa = PBXBuildFile; fileRef = 69BCC0DC20FAA0CC0067F1ED /* Assets.xcassets */; };
		69BCC0E020FAA0CC0067F1ED /* LaunchScreen.storyboard in Resources */ = {isa = PBXBuildFile; fileRef = 69BCC0DE20FAA0CC0067F1ED /* LaunchScreen.storyboard */; };
		69BCC0EB20FAA0CC0067F1ED /* nekomimiworldTests.swift in Sources */ = {isa = PBXBuildFile; fileRef = 69BCC0EA20FAA0CC0067F1ED /* nekomimiworldTests.swift */; };
		69BCC0F620FAA0CC0067F1ED /* nekomimiworldUITests.swift in Sources */ = {isa = PBXBuildFile; fileRef = 69BCC0F520FAA0CC0067F1ED /* nekomimiworldUITests.swift */; };
/* End PBXBuildFile section */

/* Begin PBXContainerItemProxy section */
		69BCC0E720FAA0CC0067F1ED /* PBXContainerItemProxy */ = {
			isa = PBXContainerItemProxy;
			containerPortal = 69BCC0CA20FAA0CA0067F1ED /* Project object */;
			proxyType = 1;
			remoteGlobalIDString = 69BCC0D120FAA0CA0067F1ED;
			remoteInfo = nekomimiworld;
		};
		69BCC0F220FAA0CC0067F1ED /* PBXContainerItemProxy */ = {
			isa = PBXContainerItemProxy;
			containerPortal = 69BCC0CA20FAA0CA0067F1ED /* Project object */;
			proxyType = 1;
			remoteGlobalIDString = 69BCC0D120FAA0CA0067F1ED;
			remoteInfo = nekomimiworld;
		};
/* End PBXContainerItemProxy section */

/* Begin PBXFileReference section */
		69BCC0D220FAA0CA0067F1ED /* nekomimiworld.app */ = {isa = PBXFileReference; explicitFileType = wrapper.application; includeInIndex = 0; path = nekomimiworld.app; sourceTree = BUILT_PRODUCTS_DIR; };
		69BCC0D520FAA0CA0067F1ED /* AppDelegate.swift */ = {isa = PBXFileReference; lastKnownFileType = sourcecode.swift; path = AppDelegate.swift; sourceTree = "<group>"; };
		69BCC0D720FAA0CA0067F1ED /* ViewController.swift */ = {isa = PBXFileReference; lastKnownFileType = sourcecode.swift; path = ViewController.swift; sourceTree = "<group>"; };
		69BCC0DA20FAA0CA0067F1ED /* Base */ = {isa = PBXFileReference; lastKnownFileType = file.storyboard; name = Base; path = Base.lproj/Main.storyboard; sourceTree = "<group>"; };
		69BCC0DC20FAA0CC0067F1ED /* Assets.xcassets */ = {isa = PBXFileReference; lastKnownFileType = folder.assetcatalog; path = Assets.xcassets; sourceTree = "<group>"; };
		69BCC0DF20FAA0CC0067F1ED /* Base */ = {isa = PBXFileReference; lastKnownFileType = file.storyboard; name = Base; path = Base.lproj/LaunchScreen.storyboard; sourceTree = "<group>"; };
		69BCC0E120FAA0CC0067F1ED /* Info.plist */ = {isa = PBXFileReference; lastKnownFileType = text.plist.xml; path = Info.plist; sourceTree = "<group>"; };
		69BCC0E620FAA0CC0067F1ED /* nekomimiworldTests.xctest */ = {isa = PBXFileReference; explicitFileType = wrapper.cfbundle; includeInIndex = 0; path = nekomimiworldTests.xctest; sourceTree = BUILT_PRODUCTS_DIR; };
		69BCC0EA20FAA0CC0067F1ED /* nekomimiworldTests.swift */ = {isa = PBXFileReference; lastKnownFileType = sourcecode.swift; path = nekomimiworldTests.swift; sourceTree = "<group>"; };
		69BCC0EC20FAA0CC0067F1ED /* Info.plist */ = {isa = PBXFileReference; lastKnownFileType = text.plist.xml; path = Info.plist; sourceTree = "<group>"; };
		69BCC0F120FAA0CC0067F1ED /* nekomimiworldUITests.xctest */ = {isa = PBXFileReference; explicitFileType = wrapper.cfbundle; includeInIndex = 0; path = nekomimiworldUITests.xctest; sourceTree = BUILT_PRODUCTS_DIR; };
		69BCC0F520FAA0CC0067F1ED /* nekomimiworldUITests.swift */ = {isa = PBXFileReference; lastKnownFileType = sourcecode.swift; path = nekomimiworldUITests.swift; sourceTree = "<group>"; };
		69BCC0F720FAA0CC0067F1ED /* Info.plist */ = {isa = PBXFileReference; lastKnownFileType = text.plist.xml; path = Info.plist; sourceTree = "<group>"; };
/* End PBXFileReference section */

/* Begin PBXFrameworksBuildPhase section */
		69BCC0CF20FAA0CA0067F1ED /* Frameworks */ = {
			isa = PBXFrameworksBuildPhase;
			buildActionMask = 2147483647;
			files = (
			);
			runOnlyForDeploymentPostprocessing = 0;
		};
		69BCC0E320FAA0CC0067F1ED /* Frameworks */ = {
			isa = PBXFrameworksBuildPhase;
			buildActionMask = 2147483647;
			files = (
			);
			runOnlyForDeploymentPostprocessing = 0;
		};
		69BCC0EE20FAA0CC0067F1ED /* Frameworks */ = {
			isa = PBXFrameworksBuildPhase;
			buildActionMask = 2147483647;
			files = (
			);
			runOnlyForDeploymentPostprocessing = 0;
		};
/* End PBXFrameworksBuildPhase section */

/* Begin PBXGroup section */
		69BCC0C920FAA0CA0067F1ED = {
			isa = PBXGroup;
			children = (
				69BCC0D420FAA0CA0067F1ED /* nekomimiworld */,
				69BCC0E920FAA0CC0067F1ED /* nekomimiworldTests */,
				69BCC0F420FAA0CC0067F1ED /* nekomimiworldUITests */,
				69BCC0D320FAA0CA0067F1ED /* Products */,
			);
			sourceTree = "<group>";
		};
		69BCC0D320FAA0CA0067F1ED /* Products */ = {
			isa = PBXGroup;
			children = (
				69BCC0D220FAA0CA0067F1ED /* nekomimiworld.app */,
				69BCC0E620FAA0CC0067F1ED /* nekomimiworldTests.xctest */,
				69BCC0F120FAA0CC0067F1ED /* nekomimiworldUITests.xctest */,
			);
			name = Products;
			sourceTree = "<group>";
		};
		69BCC0D420FAA0CA0067F1ED /* nekomimiworld */ = {
			isa = PBXGroup;
			children = (
				69BCC0D520FAA0CA0067F1ED /* AppDelegate.swift */,
				69BCC0D720FAA0CA0067F1ED /* ViewController.swift */,
				69BCC0D920FAA0CA0067F1ED /* Main.storyboard */,
				69BCC0DC20FAA0CC0067F1ED /* Assets.xcassets */,
				69BCC0DE20FAA0CC0067F1ED /* LaunchScreen.storyboard */,
				69BCC0E120FAA0CC0067F1ED /* Info.plist */,
			);
			path = nekomimiworld;
			sourceTree = "<group>";
		};
		69BCC0E920FAA0CC0067F1ED /* nekomimiworldTests */ = {
			isa = PBXGroup;
			children = (
				69BCC0EA20FAA0CC0067F1ED /* nekomimiworldTests.swift */,
				69BCC0EC20FAA0CC0067F1ED /* Info.plist */,
			);
			path = nekomimiworldTests;
			sourceTree = "<group>";
		};
		69BCC0F420FAA0CC0067F1ED /* nekomimiworldUITests */ = {
			isa = PBXGroup;
			children = (
				69BCC0F520FAA0CC0067F1ED /* nekomimiworldUITests.swift */,
				69BCC0F720FAA0CC0067F1ED /* Info.plist */,
			);
			path = nekomimiworldUITests;
			sourceTree = "<group>";
		};
/* End PBXGroup section */

/* Begin PBXNativeTarget section */
		69BCC0D120FAA0CA0067F1ED /* nekomimiworld */ = {
			isa = PBXNativeTarget;
			buildConfigurationList = 69BCC0FA20FAA0CC0067F1ED /* Build configuration list for PBXNativeTarget "nekomimiworld" */;
			buildPhases = (
				69BCC0CE20FAA0CA0067F1ED /* Sources */,
				69BCC0CF20FAA0CA0067F1ED /* Frameworks */,
				69BCC0D020FAA0CA0067F1ED /* Resources */,
			);
			buildRules = (
			);
			dependencies = (
			);
			name = nekomimiworld;
			productName = nekomimiworld;
			productReference = 69BCC0D220FAA0CA0067F1ED /* nekomimiworld.app */;
			productType = "com.apple.product-type.application";
		};
		69BCC0E520FAA0CC0067F1ED /* nekomimiworldTests */ = {
			isa = PBXNativeTarget;
			buildConfigurationList = 69BCC0FD20FAA0CC0067F1ED /* Build configuration list for PBXNativeTarget "nekomimiworldTests" */;
			buildPhases = (
				69BCC0E220FAA0CC0067F1ED /* Sources */,
				69BCC0E320FAA0CC0067F1ED /* Frameworks */,
				69BCC0E420FAA0CC0067F1ED /* Resources */,
			);
			buildRules = (
			);
			dependencies = (
				69BCC0E820FAA0CC0067F1ED /* PBXTargetDependency */,
			);
			name = nekomimiworldTests;
			productName = nekomimiworldTests;
			productReference = 69BCC0E620FAA0CC0067F1ED /* nekomimiworldTests.xctest */;
			productType = "com.apple.product-type.bundle.unit-test";
		};
		69BCC0F020FAA0CC0067F1ED /* nekomimiworldUITests */ = {
			isa = PBXNativeTarget;
			buildConfigurationList = 69BCC10020FAA0CC0067F1ED /* Build configuration list for PBXNativeTarget "nekomimiworldUITests" */;
			buildPhases = (
				69BCC0ED20FAA0CC0067F1ED /* Sources */,
				69BCC0EE20FAA0CC0067F1ED /* Frameworks */,
				69BCC0EF20FAA0CC0067F1ED /* Resources */,
			);
			buildRules = (
			);
			dependencies = (
				69BCC0F320FAA0CC0067F1ED /* PBXTargetDependency */,
			);
			name = nekomimiworldUITests;
			productName = nekomimiworldUITests;
			productReference = 69BCC0F120FAA0CC0067F1ED /* nekomimiworldUITests.xctest */;
			productType = "com.apple.product-type.bundle.ui-testing";
		};
/* End PBXNativeTarget section */

/* Begin PBXProject section */
		69BCC0CA20FAA0CA0067F1ED /* Project object */ = {
			isa = PBXProject;
			attributes = {
				LastSwiftUpdateCheck = 0940;
				LastUpgradeCheck = 0940;
				ORGANIZATIONNAME = taisukef;
				TargetAttributes = {
					69BCC0D120FAA0CA0067F1ED = {
						CreatedOnToolsVersion = 9.4.1;
					};
					69BCC0E520FAA0CC0067F1ED = {
						CreatedOnToolsVersion = 9.4.1;
						TestTargetID = 69BCC0D120FAA0CA0067F1ED;
					};
					69BCC0F020FAA0CC0067F1ED = {
						CreatedOnToolsVersion = 9.4.1;
						TestTargetID = 69BCC0D120FAA0CA0067F1ED;
					};
				};
			};
			buildConfigurationList = 69BCC0CD20FAA0CA0067F1ED /* Build configuration list for PBXProject "nekomimiworld" */;
			compatibilityVersion = "Xcode 9.3";
			developmentRegion = en;
			hasScannedForEncodings = 0;
			knownRegions = (
				en,
				Base,
			);
			mainGroup = 69BCC0C920FAA0CA0067F1ED;
			productRefGroup = 69BCC0D320FAA0CA0067F1ED /* Products */;
			projectDirPath = "";
			projectRoot = "";
			targets = (
				69BCC0D120FAA0CA0067F1ED /* nekomimiworld */,
				69BCC0E520FAA0CC0067F1ED /* nekomimiworldTests */,
				69BCC0F020FAA0CC0067F1ED /* nekomimiworldUITests */,
			);
		};
/* End PBXProject section */

/* Begin PBXResourcesBuildPhase section */
		69BCC0D020FAA0CA0067F1ED /* Resources */ = {
			isa = PBXResourcesBuildPhase;
			buildActionMask = 2147483647;
			files = (
				69BCC0E020FAA0CC0067F1ED /* LaunchScreen.storyboard in Resources */,
				69BCC0DD20FAA0CC0067F1ED /* Assets.xcassets in Resources */,
				69BCC0DB20FAA0CA0067F1ED /* Main.storyboard in Resources */,
			);
			runOnlyForDeploymentPostprocessing = 0;
		};
		69BCC0E420FAA0CC0067F1ED /* Resources */ = {
			isa = PBXResourcesBuildPhase;
			buildActionMask = 2147483647;
			files = (
			);
			runOnlyForDeploymentPostprocessing = 0;
		};
		69BCC0EF20FAA0CC0067F1ED /* Resources */ = {
			isa = PBXResourcesBuildPhase;
			buildActionMask = 2147483647;
			files = (
			);
			runOnlyForDeploymentPostprocessing = 0;
		};
/* End PBXResourcesBuildPhase section */

/* Begin PBXSourcesBuildPhase section */
		69BCC0CE20FAA0CA0067F1ED /* Sources */ = {
			isa = PBXSourcesBuildPhase;
			buildActionMask = 2147483647;
			files = (
				69BCC0D820FAA0CA0067F1ED /* ViewController.swift in Sources */,
				69BCC0D620FAA0CA0067F1ED /* AppDelegate.swift in Sources */,
			);
			runOnlyForDeploymentPostprocessing = 0;
		};
		69BCC0E220FAA0CC0067F1ED /* Sources */ = {
			isa = PBXSourcesBuildPhase;
			buildActionMask = 2147483647;
			files = (
				69BCC0EB20FAA0CC0067F1ED /* nekomimiworldTests.swift in Sources */,
			);
			runOnlyForDeploymentPostprocessing = 0;
		};
		69BCC0ED20FAA0CC0067F1ED /* Sources */ = {
			isa = PBXSourcesBuildPhase;
			buildActionMask = 2147483647;
			files = (
				69BCC0F620FAA0CC0067F1ED /* nekomimiworldUITests.swift in Sources */,
			);
			runOnlyForDeploymentPostprocessing = 0;
		};
/* End PBXSourcesBuildPhase section */

/* Begin PBXTargetDependency section */
		69BCC0E820FAA0CC0067F1ED /* PBXTargetDependency */ = {
			isa = PBXTargetDependency;
			target = 69BCC0D120FAA0CA0067F1ED /* nekomimiworld */;
			targetProxy = 69BCC0E720FAA0CC0067F1ED /* PBXContainerItemProxy */;
		};
		69BCC0F320FAA0CC0067F1ED /* PBXTargetDependency */ = {
			isa = PBXTargetDependency;
			target = 69BCC0D120FAA0CA0067F1ED /* nekomimiworld */;
			targetProxy = 69BCC0F220FAA0CC0067F1ED /* PBXContainerItemProxy */;
		};
/* End PBXTargetDependency section */

/* Begin PBXVariantGroup section */
		69BCC0D920FAA0CA0067F1ED /* Main.storyboard */ = {
			isa = PBXVariantGroup;
			children = (
				69BCC0DA20FAA0CA0067F1ED /* Base */,
			);
			name = Main.storyboard;
			sourceTree = "<group>";
		};
		69BCC0DE20FAA0CC0067F1ED /* LaunchScreen.storyboard */ = {
			isa = PBXVariantGroup;
			children = (
				69BCC0DF20FAA0CC0067F1ED /* Base */,
			);
			name = LaunchScreen.storyboard;
			sourceTree = "<group>";
		};
/* End PBXVariantGroup section */

/* Begin XCBuildConfiguration section */
		69BCC0F820FAA0CC0067F1ED /* Debug */ = {
			isa = XCBuildConfiguration;
			buildSettings = {
				ALWAYS_SEARCH_USER_PATHS = NO;
				CLANG_ANALYZER_NONNULL = YES;
				CLANG_ANALYZER_NUMBER_OBJECT_CONVERSION = YES_AGGRESSIVE;
				CLANG_CXX_LANGUAGE_STANDARD = "gnu++14";
				CLANG_CXX_LIBRARY = "libc++";
				CLANG_ENABLE_MODULES = YES;
				CLANG_ENABLE_OBJC_ARC = YES;
				CLANG_ENABLE_OBJC_WEAK = YES;
				CLANG_WARN_BLOCK_CAPTURE_AUTORELEASING = YES;
				CLANG_WARN_BOOL_CONVERSION = YES;
				CLANG_WARN_COMMA = YES;
				CLANG_WARN_CONSTANT_CONVERSION = YES;
				CLANG_WARN_DEPRECATED_OBJC_IMPLEMENTATIONS = YES;
				CLANG_WARN_DIRECT_OBJC_ISA_USAGE = YES_ERROR;
				CLANG_WARN_DOCUMENTATION_COMMENTS = YES;
				CLANG_WARN_EMPTY_BODY = YES;
				CLANG_WARN_ENUM_CONVERSION = YES;
				CLANG_WARN_INFINITE_RECURSION = YES;
				CLANG_WARN_INT_CONVERSION = YES;
				CLANG_WARN_NON_LITERAL_NULL_CONVERSION = YES;
				CLANG_WARN_OBJC_IMPLICIT_RETAIN_SELF = YES;
				CLANG_WARN_OBJC_LITERAL_CONVERSION = YES;
				CLANG_WARN_OBJC_ROOT_CLASS = YES_ERROR;
				CLANG_WARN_RANGE_LOOP_ANALYSIS = YES;
				CLANG_WARN_STRICT_PROTOTYPES = YES;
				CLANG_WARN_SUSPICIOUS_MOVE = YES;
				CLANG_WARN_UNGUARDED_AVAILABILITY = YES_AGGRESSIVE;
				CLANG_WARN_UNREACHABLE_CODE = YES;
				CLANG_WARN__DUPLICATE_METHOD_MATCH = YES;
				CODE_SIGN_IDENTITY = "iPhone Developer";
				COPY_PHASE_STRIP = NO;
				DEBUG_INFORMATION_FORMAT = dwarf;
				ENABLE_STRICT_OBJC_MSGSEND = YES;
				ENABLE_TESTABILITY = YES;
				GCC_C_LANGUAGE_STANDARD = gnu11;
				GCC_DYNAMIC_NO_PIC = NO;
				GCC_NO_COMMON_BLOCKS = YES;
				GCC_OPTIMIZATION_LEVEL = 0;
				GCC_PREPROCESSOR_DEFINITIONS = (
					"DEBUG=1",
					"$(inherited)",
				);
				GCC_WARN_64_TO_32_BIT_CONVERSION = YES;
				GCC_WARN_ABOUT_RETURN_TYPE = YES_ERROR;
				GCC_WARN_UNDECLARED_SELECTOR = YES;
				GCC_WARN_UNINITIALIZED_AUTOS = YES_AGGRESSIVE;
				GCC_WARN_UNUSED_FUNCTION = YES;
				GCC_WARN_UNUSED_VARIABLE = YES;
				IPHONEOS_DEPLOYMENT_TARGET = 11.4;
				MTL_ENABLE_DEBUG_INFO = YES;
				ONLY_ACTIVE_ARCH = YES;
				SDKROOT = iphoneos;
				SWIFT_ACTIVE_COMPILATION_CONDITIONS = DEBUG;
				SWIFT_OPTIMIZATION_LEVEL = "-Onone";
			};
			name = Debug;
		};
		69BCC0F920FAA0CC0067F1ED /* Release */ = {
			isa = XCBuildConfiguration;
			buildSettings = {
				ALWAYS_SEARCH_USER_PATHS = NO;
				CLANG_ANALYZER_NONNULL = YES;
				CLANG_ANALYZER_NUMBER_OBJECT_CONVERSION = YES_AGGRESSIVE;
				CLANG_CXX_LANGUAGE_STANDARD = "gnu++14";
				CLANG_CXX_LIBRARY = "libc++";
				CLANG_ENABLE_MODULES = YES;
				CLANG_ENABLE_OBJC_ARC = YES;
				CLANG_ENABLE_OBJC_WEAK = YES;
				CLANG_WARN_BLOCK_CAPTURE_AUTORELEASING = YES;
				CLANG_WARN_BOOL_CONVERSION = YES;
				CLANG_WARN_COMMA = YES;
				CLANG_WARN_CONSTANT_CONVERSION = YES;
				CLANG_WARN_DEPRECATED_OBJC_IMPLEMENTATIONS = YES;
				CLANG_WARN_DIRECT_OBJC_ISA_USAGE = YES_ERROR;
				CLANG_WARN_DOCUMENTATION_COMMENTS = YES;
				CLANG_WARN_EMPTY_BODY = YES;
				CLANG_WARN_ENUM_CONVERSION = YES;
				CLANG_WARN_INFINITE_RECURSION = YES;
				CLANG_WARN_INT_CONVERSION = YES;
				CLANG_WARN_NON_LITERAL_NULL_CONVERSION = YES;
				CLANG_WARN_OBJC_IMPLICIT_RETAIN_SELF = YES;
				CLANG_WARN_OBJC_LITERAL_CONVERSION = YES;
				CLANG_WARN_OBJC_ROOT_CLASS = YES_ERROR;
				CLANG_WARN_RANGE_LOOP_ANALYSIS = YES;
				CLANG_WARN_STRICT_PROTOTYPES = YES;
				CLANG_WARN_SUSPICIOUS_MOVE = YES;
				CLANG_WARN_UNGUARDED_AVAILABILITY = YES_AGGRESSIVE;
				CLANG_WARN_UNREACHABLE_CODE = YES;
				CLANG_WARN__DUPLICATE_METHOD_MATCH = YES;
				CODE_SIGN_IDENTITY = "iPhone Developer";
				COPY_PHASE_STRIP = NO;
				DEBUG_INFORMATION_FORMAT = "dwarf-with-dsym";
				ENABLE_NS_ASSERTIONS = NO;
				ENABLE_STRICT_OBJC_MSGSEND = YES;
				GCC_C_LANGUAGE_STANDARD = gnu11;
				GCC_NO_COMMON_BLOCKS = YES;
				GCC_WARN_64_TO_32_BIT_CONVERSION = YES;
				GCC_WARN_ABOUT_RETURN_TYPE = YES_ERROR;
				GCC_WARN_UNDECLARED_SELECTOR = YES;
				GCC_WARN_UNINITIALIZED_AUTOS = YES_AGGRESSIVE;
				GCC_WARN_UNUSED_FUNCTION = YES;
				GCC_WARN_UNUSED_VARIABLE = YES;
				IPHONEOS_DEPLOYMENT_TARGET = 11.4;
				MTL_ENABLE_DEBUG_INFO = NO;
				SDKROOT = iphoneos;
				SWIFT_COMPILATION_MODE = wholemodule;
				SWIFT_OPTIMIZATION_LEVEL = "-O";
				VALIDATE_PRODUCT = YES;
			};
			name = Release;
		};
		69BCC0FB20FAA0CC0067F1ED /* Debug */ = {
			isa = XCBuildConfiguration;
			buildSettings = {
				ASSETCATALOG_COMPILER_APPICON_NAME = AppIcon;
				CODE_SIGN_STYLE = Automatic;
				DEVELOPMENT_TEAM = A2TF2C92PA;
				INFOPLIST_FILE = nekomimiworld/Info.plist;
				LD_RUNPATH_SEARCH_PATHS = (
					"$(inherited)",
					"@executable_path/Frameworks",
				);
				PRODUCT_BUNDLE_IDENTIFIER = fukuno.jig.jp.nekomimiworld;
				PRODUCT_NAME = "$(TARGET_NAME)";
				SWIFT_VERSION = 4.0;
				TARGETED_DEVICE_FAMILY = "1,2";
			};
			name = Debug;
		};
		69BCC0FC20FAA0CC0067F1ED /* Release */ = {
			isa = XCBuildConfiguration;
			buildSettings = {
				ASSETCATALOG_COMPILER_APPICON_NAME = AppIcon;
				CODE_SIGN_STYLE = Automatic;
				DEVELOPMENT_TEAM = A2TF2C92PA;
				INFOPLIST_FILE = nekomimiworld/Info.plist;
				LD_RUNPATH_SEARCH_PATHS = (
					"$(inherited)",
					"@executable_path/Frameworks",
				);
				PRODUCT_BUNDLE_IDENTIFIER = fukuno.jig.jp.nekomimiworld;
				PRODUCT_NAME = "$(TARGET_NAME)";
				SWIFT_VERSION = 4.0;
				TARGETED_DEVICE_FAMILY = "1,2";
			};
			name = Release;
		};
		69BCC0FE20FAA0CC0067F1ED /* Debug */ = {
			isa = XCBuildConfiguration;
			buildSettings = {
				ALWAYS_EMBED_SWIFT_STANDARD_LIBRARIES = YES;
				BUNDLE_LOADER = "$(TEST_HOST)";
				CODE_SIGN_STYLE = Automatic;
				DEVELOPMENT_TEAM = A2TF2C92PA;
				INFOPLIST_FILE = nekomimiworldTests/Info.plist;
				LD_RUNPATH_SEARCH_PATHS = (
					"$(inherited)",
					"@executable_path/Frameworks",
					"@loader_path/Frameworks",
				);
				PRODUCT_BUNDLE_IDENTIFIER = fukuno.jig.jp.nekomimiworldTests;
				PRODUCT_NAME = "$(TARGET_NAME)";
				SWIFT_VERSION = 4.0;
				TARGETED_DEVICE_FAMILY = "1,2";
				TEST_HOST = "$(BUILT_PRODUCTS_DIR)/nekomimiworld.app/nekomimiworld";
			};
			name = Debug;
		};
		69BCC0FF20FAA0CC0067F1ED /* Release */ = {
			isa = XCBuildConfiguration;
			buildSettings = {
				ALWAYS_EMBED_SWIFT_STANDARD_LIBRARIES = YES;
				BUNDLE_LOADER = "$(TEST_HOST)";
				CODE_SIGN_STYLE = Automatic;
				DEVELOPMENT_TEAM = A2TF2C92PA;
				INFOPLIST_FILE = nekomimiworldTests/Info.plist;
				LD_RUNPATH_SEARCH_PATHS = (
					"$(inherited)",
					"@executable_path/Frameworks",
					"@loader_path/Frameworks",
				);
				PRODUCT_BUNDLE_IDENTIFIER = fukuno.jig.jp.nekomimiworldTests;
				PRODUCT_NAME = "$(TARGET_NAME)";
				SWIFT_VERSION = 4.0;
				TARGETED_DEVICE_FAMILY = "1,2";
				TEST_HOST = "$(BUILT_PRODUCTS_DIR)/nekomimiworld.app/nekomimiworld";
			};
			name = Release;
		};
		69BCC10120FAA0CC0067F1ED /* Debug */ = {
			isa = XCBuildConfiguration;
			buildSettings = {
				ALWAYS_EMBED_SWIFT_STANDARD_LIBRARIES = YES;
				CODE_SIGN_STYLE = Automatic;
				DEVELOPMENT_TEAM = A2TF2C92PA;
				INFOPLIST_FILE = nekomimiworldUITests/Info.plist;
				LD_RUNPATH_SEARCH_PATHS = (
					"$(inherited)",
					"@executable_path/Frameworks",
					"@loader_path/Frameworks",
				);
				PRODUCT_BUNDLE_IDENTIFIER = fukuno.jig.jp.nekomimiworldUITests;
				PRODUCT_NAME = "$(TARGET_NAME)";
				SWIFT_VERSION = 4.0;
				TARGETED_DEVICE_FAMILY = "1,2";
				TEST_TARGET_NAME = nekomimiworld;
			};
			name = Debug;
		};
		69BCC10220FAA0CC0067F1ED /* Release */ = {
			isa = XCBuildConfiguration;
			buildSettings = {
				ALWAYS_EMBED_SWIFT_STANDARD_LIBRARIES = YES;
				CODE_SIGN_STYLE = Automatic;
				DEVELOPMENT_TEAM = A2TF2C92PA;
				INFOPLIST_FILE = nekomimiworldUITests/Info.plist;
				LD_RUNPATH_SEARCH_PATHS = (
					"$(inherited)",
					"@executable_path/Frameworks",
					"@loader_path/Frameworks",
				);
				PRODUCT_BUNDLE_IDENTIFIER = fukuno.jig.jp.nekomimiworldUITests;
				PRODUCT_NAME = "$(TARGET_NAME)";
				SWIFT_VERSION = 4.0;
				TARGETED_DEVICE_FAMILY = "1,2";
				TEST_TARGET_NAME = nekomimiworld;
			};
			name = Release;
		};
/* End XCBuildConfiguration section */

/* Begin XCConfigurationList section */
		69BCC0CD20FAA0CA0067F1ED /* Build configuration list for PBXProject "nekomimiworld" */ = {
			isa = XCConfigurationList;
			buildConfigurations = (
				69BCC0F820FAA0CC0067F1ED /* Debug */,
				69BCC0F920FAA0CC0067F1ED /* Release */,
			);
			defaultConfigurationIsVisible = 0;
			defaultConfigurationName = Release;
		};
		69BCC0FA20FAA0CC0067F1ED /* Build configuration list for PBXNativeTarget "nekomimiworld" */ = {
			isa = XCConfigurationList;
			buildConfigurations = (
				69BCC0FB20FAA0CC0067F1ED /* Debug */,
				69BCC0FC20FAA0CC0067F1ED /* Release */,
			);
			defaultConfigurationIsVisible = 0;
			defaultConfigurationName = Release;
		};
		69BCC0FD20FAA0CC0067F1ED /* Build configuration list for PBXNativeTarget "nekomimiworldTests" */ = {
			isa = XCConfigurationList;
			buildConfigurations = (
				69BCC0FE20FAA0CC0067F1ED /* Debug */,
				69BCC0FF20FAA0CC0067F1ED /* Release */,
			);
			defaultConfigurationIsVisible = 0;
			defaultConfigurationName = Release;
		};
		69BCC10020FAA0CC0067F1ED /* Build configuration list for PBXNativeTarget "nekomimiworldUITests" */ = {
			isa = XCConfigurationList;
			buildConfigurations = (
				69BCC10120FAA0CC0067F1ED /* Debug */,
				69BCC10220FAA0CC0067F1ED /* Release */,
			);
			defaultConfigurationIsVisible = 0;
			defaultConfigurationName = Release;
		};
/* End XCConfigurationList section */
	};
	rootObject = 69BCC0CA20FAA0CA0067F1ED /* Project object */;
}
